
Microsoft Visual Studio Solution File, Format Version 12.00
# Visual Studio Version 17
VisualStudioVersion = 17.5.33424.131
MinimumVisualStudioVersion = 10.0.40219.1
Project("{F184B08F-C81C-45F6-A57F-5ABD9991F28F}") = "Conditonal Statement Project", "Conditonal Statement Project\Conditonal Statement Project.vbproj", "{A8BCBF59-94AB-4CAD-ABAE-05195D8EFD50}"
EndProject
Global
	GlobalSection(SolutionConfigurationPlatforms) = preSolution
		Debug|Any CPU = Debug|Any CPU
		Release|Any CPU = Release|Any CPU
	EndGlobalSection
	GlobalSection(ProjectConfigurationPlatforms) = postSolution
		{A8BCBF59-94AB-4CAD-ABAE-05195D8EFD50}.Debug|Any CPU.ActiveCfg = Debug|Any CPU
		{A8BCBF59-94AB-4CAD-ABAE-05195D8EFD50}.Debug|Any CPU.Build.0 = Debug|Any CPU
		{A8BCBF59-94AB-4CAD-ABAE-05195D8EFD50}.Release|Any CPU.ActiveCfg = Release|Any CPU
		{A8BCBF59-94AB-4CAD-ABAE-05195D8EFD50}.Release|Any CPU.Build.0 = Release|Any CPU
	EndGlobalSection
	GlobalSection(SolutionProperties) = preSolution
		HideSolutionNode = FALSE
	EndGlobalSection
	GlobalSection(ExtensibilityGlobals) = postSolution
		SolutionGuid = {7B96DC9E-8E08-4854-A752-23B3D16E8813}
	EndGlobalSection
EndGlobal
